
Microsoft Visual Studio Solution File, Format Version 12.00
# Visual Studio Version 16
VisualStudioVersion = 16.0.30517.126
MinimumVisualStudioVersion = 10.0.40219.1
Project("{9A19103F-16F7-4668-BE54-9A1E7A4F7556}") = "AWSLambda1", "AWSLambda1.csproj", "{C400C46B-92EA-4876-A6DD-9E5B7F10DE20}"
EndProject
Project("{FAE04EC0-301F-11D3-BF4B-00C04F79EFBC}") = "invokelambda", "..\invokelambda\invokelambda.csproj", "{474BC084-120D-4CDA-9BF4-47646033A0E2}"
EndProject
Global
	GlobalSection(SolutionConfigurationPlatforms) = preSolution
		Debug|Any CPU = Debug|Any CPU
		Release|Any CPU = Release|Any CPU
	EndGlobalSection
	GlobalSection(ProjectConfigurationPlatforms) = postSolution
		{C400C46B-92EA-4876-A6DD-9E5B7F10DE20}.Debug|Any CPU.ActiveCfg = Debug|Any CPU
		{C400C46B-92EA-4876-A6DD-9E5B7F10DE20}.Debug|Any CPU.Build.0 = Debug|Any CPU
		{C400C46B-92EA-4876-A6DD-9E5B7F10DE20}.Release|Any CPU.ActiveCfg = Release|Any CPU
		{C400C46B-92EA-4876-A6DD-9E5B7F10DE20}.Release|Any CPU.Build.0 = Release|Any CPU
		{474BC084-120D-4CDA-9BF4-47646033A0E2}.Debug|Any CPU.ActiveCfg = Debug|Any CPU
		{474BC084-120D-4CDA-9BF4-47646033A0E2}.Debug|Any CPU.Build.0 = Debug|Any CPU
		{474BC084-120D-4CDA-9BF4-47646033A0E2}.Release|Any CPU.ActiveCfg = Release|Any CPU
		{474BC084-120D-4CDA-9BF4-47646033A0E2}.Release|Any CPU.Build.0 = Release|Any CPU
	EndGlobalSection
	GlobalSection(SolutionProperties) = preSolution
		HideSolutionNode = FALSE
	EndGlobalSection
	GlobalSection(ExtensibilityGlobals) = postSolution
		SolutionGuid = {1B44C371-A7B1-4A4F-9D77-D5D1B8B63908}
	EndGlobalSection
EndGlobal
